
Microsoft Visual Studio Solution File, Format Version 12.00
# Visual Studio Version 17
VisualStudioVersion = 17.0.31903.59
MinimumVisualStudioVersion = 10.0.40219.1
Project("{FAE04EC0-301F-11D3-BF4B-00C04F79EFBC}") = "EmployeeManagement", "EmployeeManagement\EmployeeManagement.csproj", "{828BE91D-FF2B-485A-B5B7-B9FFDEF0FEF6}"
EndProject
Global
	GlobalSection(SolutionConfigurationPlatforms) = preSolution
		Debug|Any CPU = Debug|Any CPU
		Release|Any CPU = Release|Any CPU
	EndGlobalSection
	GlobalSection(ProjectConfigurationPlatforms) = postSolution
		{828BE91D-FF2B-485A-B5B7-B9FFDEF0FEF6}.Debug|Any CPU.ActiveCfg = Debug|Any CPU
		{828BE91D-FF2B-485A-B5B7-B9FFDEF0FEF6}.Debug|Any CPU.Build.0 = Debug|Any CPU
		{828BE91D-FF2B-485A-B5B7-B9FFDEF0FEF6}.Release|Any CPU.ActiveCfg = Release|Any CPU
		{828BE91D-FF2B-485A-B5B7-B9FFDEF0FEF6}.Release|Any CPU.Build.0 = Release|Any CPU
	EndGlobalSection
	GlobalSection(SolutionProperties) = preSolution
		HideSolutionNode = FALSE
	EndGlobalSection
	GlobalSection(ExtensibilityGlobals) = postSolution
		SolutionGuid = {875D8947-40CB-423F-A4AF-B35A33F7E33B}
	EndGlobalSection
EndGlobal
